
Microsoft Visual Studio Solution File, Format Version 12.00
# Visual Studio Version 17
VisualStudioVersion = 17.14.36127.28
MinimumVisualStudioVersion = 10.0.40219.1
Project("{FAE04EC0-301F-11D3-BF4B-00C04F79EFBC}") = "CsvParser.Domain", "CsvParser.Domain\CsvParser.Domain.csproj", "{C50E53E9-2899-4A2C-BB82-846377614DF2}"
EndProject
Project("{FAE04EC0-301F-11D3-BF4B-00C04F79EFBC}") = "CsvParser.Infrastructure", "CsvParser.Infrastructure\CsvParser.Infrastructure.csproj", "{9773227A-69F0-4586-A667-2FA63B9A3D0A}"
EndProject
Project("{FAE04EC0-301F-11D3-BF4B-00C04F79EFBC}") = "CsvParser.Application", "CsvParser.Application\CsvParser.Application.csproj", "{89441C0B-7A24-8EFA-F122-4DE2953B15DD}"
EndProject
Project("{FAE04EC0-301F-11D3-BF4B-00C04F79EFBC}") = "CsvParser.ConsoleApp", "CsvParser.ConsoleApp\CsvParser.ConsoleApp.csproj", "{C543D416-C39A-5C7F-6960-BCC3237B7695}"
EndProject
Global
	GlobalSection(SolutionConfigurationPlatforms) = preSolution
		Debug|Any CPU = Debug|Any CPU
		Release|Any CPU = Release|Any CPU
	EndGlobalSection
	GlobalSection(ProjectConfigurationPlatforms) = postSolution
		{C50E53E9-2899-4A2C-BB82-846377614DF2}.Debug|Any CPU.ActiveCfg = Debug|Any CPU
		{C50E53E9-2899-4A2C-BB82-846377614DF2}.Debug|Any CPU.Build.0 = Debug|Any CPU
		{C50E53E9-2899-4A2C-BB82-846377614DF2}.Release|Any CPU.ActiveCfg = Release|Any CPU
		{C50E53E9-2899-4A2C-BB82-846377614DF2}.Release|Any CPU.Build.0 = Release|Any CPU
		{9773227A-69F0-4586-A667-2FA63B9A3D0A}.Debug|Any CPU.ActiveCfg = Debug|Any CPU
		{9773227A-69F0-4586-A667-2FA63B9A3D0A}.Debug|Any CPU.Build.0 = Debug|Any CPU
		{9773227A-69F0-4586-A667-2FA63B9A3D0A}.Release|Any CPU.ActiveCfg = Release|Any CPU
		{9773227A-69F0-4586-A667-2FA63B9A3D0A}.Release|Any CPU.Build.0 = Release|Any CPU
		{89441C0B-7A24-8EFA-F122-4DE2953B15DD}.Debug|Any CPU.ActiveCfg = Debug|Any CPU
		{89441C0B-7A24-8EFA-F122-4DE2953B15DD}.Debug|Any CPU.Build.0 = Debug|Any CPU
		{89441C0B-7A24-8EFA-F122-4DE2953B15DD}.Release|Any CPU.ActiveCfg = Release|Any CPU
		{89441C0B-7A24-8EFA-F122-4DE2953B15DD}.Release|Any CPU.Build.0 = Release|Any CPU
		{C543D416-C39A-5C7F-6960-BCC3237B7695}.Debug|Any CPU.ActiveCfg = Debug|Any CPU
		{C543D416-C39A-5C7F-6960-BCC3237B7695}.Debug|Any CPU.Build.0 = Debug|Any CPU
		{C543D416-C39A-5C7F-6960-BCC3237B7695}.Release|Any CPU.ActiveCfg = Release|Any CPU
		{C543D416-C39A-5C7F-6960-BCC3237B7695}.Release|Any CPU.Build.0 = Release|Any CPU
	EndGlobalSection
	GlobalSection(SolutionProperties) = preSolution
		HideSolutionNode = FALSE
	EndGlobalSection
	GlobalSection(ExtensibilityGlobals) = postSolution
		SolutionGuid = {03E04443-0585-49B6-8241-B9F0B8DC134C}
	EndGlobalSection
EndGlobal
